
Microsoft Visual Studio Solution File, Format Version 12.00
# Visual Studio Version 17
VisualStudioVersion = 17.1.32228.430
MinimumVisualStudioVersion = 10.0.40219.1
Project("{FAE04EC0-301F-11D3-BF4B-00C04F79EFBC}") = "230522venan", "230522venan\230522venan.csproj", "{DB33AE28-32CC-4D38-8E86-2CAD37177E2F}"
EndProject
Global
	GlobalSection(SolutionConfigurationPlatforms) = preSolution
		Debug|Any CPU = Debug|Any CPU
		Release|Any CPU = Release|Any CPU
	EndGlobalSection
	GlobalSection(ProjectConfigurationPlatforms) = postSolution
		{DB33AE28-32CC-4D38-8E86-2CAD37177E2F}.Debug|Any CPU.ActiveCfg = Debug|Any CPU
		{DB33AE28-32CC-4D38-8E86-2CAD37177E2F}.Debug|Any CPU.Build.0 = Debug|Any CPU
		{DB33AE28-32CC-4D38-8E86-2CAD37177E2F}.Release|Any CPU.ActiveCfg = Release|Any CPU
		{DB33AE28-32CC-4D38-8E86-2CAD37177E2F}.Release|Any CPU.Build.0 = Release|Any CPU
	EndGlobalSection
	GlobalSection(SolutionProperties) = preSolution
		HideSolutionNode = FALSE
	EndGlobalSection
	GlobalSection(ExtensibilityGlobals) = postSolution
		SolutionGuid = {38DFE5D6-C989-407C-9918-8DE925C429A5}
	EndGlobalSection
EndGlobal
